
Microsoft Visual Studio Solution File, Format Version 12.00
# Visual Studio Version 17
VisualStudioVersion = 17.0.31903.59
MinimumVisualStudioVersion = 10.0.40219.1
Project("{2150E333-8FDC-42A3-9474-1A3956D46DE8}") = "services", "services", "{5854FF58-B8C5-05C6-5BF2-ACE42193F22B}"
EndProject
Project("{2150E333-8FDC-42A3-9474-1A3956D46DE8}") = "catalog", "catalog", "{944ACC7E-4FFC-A2A2-09E1-98A62C66F8DB}"
EndProject
Project("{FAE04EC0-301F-11D3-BF4B-00C04F79EFBC}") = "Catalog.API", "services\catalog\Catalog.API\Catalog.API.csproj", "{565080C9-62C8-4F91-A8A7-92D4030CD930}"
EndProject
Project("{FAE04EC0-301F-11D3-BF4B-00C04F79EFBC}") = "Catalog.Application", "services\catalog\Catalog.Application\Catalog.Application.csproj", "{05FB6249-E91D-47AA-B38D-73EA52F6A3E1}"
EndProject
Project("{FAE04EC0-301F-11D3-BF4B-00C04F79EFBC}") = "Catalog.Core", "services\catalog\Catalog.Core\Catalog.Core.csproj", "{90E25F17-5278-4DDB-B660-49EACDE90D27}"
EndProject
Project("{FAE04EC0-301F-11D3-BF4B-00C04F79EFBC}") = "Catalog.Infrastracure", "services\catalog\Catalog.Infrastracure\Catalog.Infrastracure.csproj", "{449997BD-2169-4FC9-955E-C1E2E26D1A40}"
EndProject
Global
	GlobalSection(SolutionConfigurationPlatforms) = preSolution
		Debug|Any CPU = Debug|Any CPU
		Debug|x64 = Debug|x64
		Debug|x86 = Debug|x86
		Release|Any CPU = Release|Any CPU
		Release|x64 = Release|x64
		Release|x86 = Release|x86
	EndGlobalSection
	GlobalSection(ProjectConfigurationPlatforms) = postSolution
		{565080C9-62C8-4F91-A8A7-92D4030CD930}.Debug|Any CPU.ActiveCfg = Debug|Any CPU
		{565080C9-62C8-4F91-A8A7-92D4030CD930}.Debug|Any CPU.Build.0 = Debug|Any CPU
		{565080C9-62C8-4F91-A8A7-92D4030CD930}.Debug|x64.ActiveCfg = Debug|Any CPU
		{565080C9-62C8-4F91-A8A7-92D4030CD930}.Debug|x64.Build.0 = Debug|Any CPU
		{565080C9-62C8-4F91-A8A7-92D4030CD930}.Debug|x86.ActiveCfg = Debug|Any CPU
		{565080C9-62C8-4F91-A8A7-92D4030CD930}.Debug|x86.Build.0 = Debug|Any CPU
		{565080C9-62C8-4F91-A8A7-92D4030CD930}.Release|Any CPU.ActiveCfg = Release|Any CPU
		{565080C9-62C8-4F91-A8A7-92D4030CD930}.Release|Any CPU.Build.0 = Release|Any CPU
		{565080C9-62C8-4F91-A8A7-92D4030CD930}.Release|x64.ActiveCfg = Release|Any CPU
		{565080C9-62C8-4F91-A8A7-92D4030CD930}.Release|x64.Build.0 = Release|Any CPU
		{565080C9-62C8-4F91-A8A7-92D4030CD930}.Release|x86.ActiveCfg = Release|Any CPU
		{565080C9-62C8-4F91-A8A7-92D4030CD930}.Release|x86.Build.0 = Release|Any CPU
		{05FB6249-E91D-47AA-B38D-73EA52F6A3E1}.Debug|Any CPU.ActiveCfg = Debug|Any CPU
		{05FB6249-E91D-47AA-B38D-73EA52F6A3E1}.Debug|Any CPU.Build.0 = Debug|Any CPU
		{05FB6249-E91D-47AA-B38D-73EA52F6A3E1}.Debug|x64.ActiveCfg = Debug|Any CPU
		{05FB6249-E91D-47AA-B38D-73EA52F6A3E1}.Debug|x64.Build.0 = Debug|Any CPU
		{05FB6249-E91D-47AA-B38D-73EA52F6A3E1}.Debug|x86.ActiveCfg = Debug|Any CPU
		{05FB6249-E91D-47AA-B38D-73EA52F6A3E1}.Debug|x86.Build.0 = Debug|Any CPU
		{05FB6249-E91D-47AA-B38D-73EA52F6A3E1}.Release|Any CPU.ActiveCfg = Release|Any CPU
		{05FB6249-E91D-47AA-B38D-73EA52F6A3E1}.Release|Any CPU.Build.0 = Release|Any CPU
		{05FB6249-E91D-47AA-B38D-73EA52F6A3E1}.Release|x64.ActiveCfg = Release|Any CPU
		{05FB6249-E91D-47AA-B38D-73EA52F6A3E1}.Release|x64.Build.0 = Release|Any CPU
		{05FB6249-E91D-47AA-B38D-73EA52F6A3E1}.Release|x86.ActiveCfg = Release|Any CPU
		{05FB6249-E91D-47AA-B38D-73EA52F6A3E1}.Release|x86.Build.0 = Release|Any CPU
		{90E25F17-5278-4DDB-B660-49EACDE90D27}.Debug|Any CPU.ActiveCfg = Debug|Any CPU
		{90E25F17-5278-4DDB-B660-49EACDE90D27}.Debug|Any CPU.Build.0 = Debug|Any CPU
		{90E25F17-5278-4DDB-B660-49EACDE90D27}.Debug|x64.ActiveCfg = Debug|Any CPU
		{90E25F17-5278-4DDB-B660-49EACDE90D27}.Debug|x64.Build.0 = Debug|Any CPU
		{90E25F17-5278-4DDB-B660-49EACDE90D27}.Debug|x86.ActiveCfg = Debug|Any CPU
		{90E25F17-5278-4DDB-B660-49EACDE90D27}.Debug|x86.Build.0 = Debug|Any CPU
		{90E25F17-5278-4DDB-B660-49EACDE90D27}.Release|Any CPU.ActiveCfg = Release|Any CPU
		{90E25F17-5278-4DDB-B660-49EACDE90D27}.Release|Any CPU.Build.0 = Release|Any CPU
		{90E25F17-5278-4DDB-B660-49EACDE90D27}.Release|x64.ActiveCfg = Release|Any CPU
		{90E25F17-5278-4DDB-B660-49EACDE90D27}.Release|x64.Build.0 = Release|Any CPU
		{90E25F17-5278-4DDB-B660-49EACDE90D27}.Release|x86.ActiveCfg = Release|Any CPU
		{90E25F17-5278-4DDB-B660-49EACDE90D27}.Release|x86.Build.0 = Release|Any CPU
		{449997BD-2169-4FC9-955E-C1E2E26D1A40}.Debug|Any CPU.ActiveCfg = Debug|Any CPU
		{449997BD-2169-4FC9-955E-C1E2E26D1A40}.Debug|Any CPU.Build.0 = Debug|Any CPU
		{449997BD-2169-4FC9-955E-C1E2E26D1A40}.Debug|x64.ActiveCfg = Debug|Any CPU
		{449997BD-2169-4FC9-955E-C1E2E26D1A40}.Debug|x64.Build.0 = Debug|Any CPU
		{449997BD-2169-4FC9-955E-C1E2E26D1A40}.Debug|x86.ActiveCfg = Debug|Any CPU
		{449997BD-2169-4FC9-955E-C1E2E26D1A40}.Debug|x86.Build.0 = Debug|Any CPU
		{449997BD-2169-4FC9-955E-C1E2E26D1A40}.Release|Any CPU.ActiveCfg = Release|Any CPU
		{449997BD-2169-4FC9-955E-C1E2E26D1A40}.Release|Any CPU.Build.0 = Release|Any CPU
		{449997BD-2169-4FC9-955E-C1E2E26D1A40}.Release|x64.ActiveCfg = Release|Any CPU
		{449997BD-2169-4FC9-955E-C1E2E26D1A40}.Release|x64.Build.0 = Release|Any CPU
		{449997BD-2169-4FC9-955E-C1E2E26D1A40}.Release|x86.ActiveCfg = Release|Any CPU
		{449997BD-2169-4FC9-955E-C1E2E26D1A40}.Release|x86.Build.0 = Release|Any CPU
	EndGlobalSection
	GlobalSection(SolutionProperties) = preSolution
		HideSolutionNode = FALSE
	EndGlobalSection
	GlobalSection(NestedProjects) = preSolution
		{944ACC7E-4FFC-A2A2-09E1-98A62C66F8DB} = {5854FF58-B8C5-05C6-5BF2-ACE42193F22B}
		{565080C9-62C8-4F91-A8A7-92D4030CD930} = {944ACC7E-4FFC-A2A2-09E1-98A62C66F8DB}
		{05FB6249-E91D-47AA-B38D-73EA52F6A3E1} = {944ACC7E-4FFC-A2A2-09E1-98A62C66F8DB}
		{90E25F17-5278-4DDB-B660-49EACDE90D27} = {944ACC7E-4FFC-A2A2-09E1-98A62C66F8DB}
		{449997BD-2169-4FC9-955E-C1E2E26D1A40} = {944ACC7E-4FFC-A2A2-09E1-98A62C66F8DB}
	EndGlobalSection
EndGlobal
