
Microsoft Visual Studio Solution File, Format Version 12.00
# Visual Studio Version 17
VisualStudioVersion = 17.0.31903.59
MinimumVisualStudioVersion = 10.0.40219.1
Project("{2150E333-8FDC-42A3-9474-1A3956D46DE8}") = "services", "services", "{5854FF58-B8C5-05C6-5BF2-ACE42193F22B}"
EndProject
Project("{2150E333-8FDC-42A3-9474-1A3956D46DE8}") = "catalog", "catalog", "{944ACC7E-4FFC-A2A2-09E1-98A62C66F8DB}"
EndProject
Project("{FAE04EC0-301F-11D3-BF4B-00C04F79EFBC}") = "Catalog.API", "services\catalog\Catalog.API\Catalog.API.csproj", "{565080C9-62C8-4F91-A8A7-92D4030CD930}"
EndProject
Project("{FAE04EC0-301F-11D3-BF4B-00C04F79EFBC}") = "Catalog.Application", "services\catalog\Catalog.Application\Catalog.Application.csproj", "{05FB6249-E91D-47AA-B38D-73EA52F6A3E1}"
EndProject
Project("{FAE04EC0-301F-11D3-BF4B-00C04F79EFBC}") = "Catalog.Core", "services\catalog\Catalog.Core\Catalog.Core.csproj", "{90E25F17-5278-4DDB-B660-49EACDE90D27}"
EndProject
Project("{FAE04EC0-301F-11D3-BF4B-00C04F79EFBC}") = "Catalog.Infrastructure", "services\catalog\Catalog.Infrastructure\Catalog.Infrastructure.csproj", "{A6B28E9E-18D6-4DF9-9901-3446C964D8E1}"
EndProject
Project("{2150E333-8FDC-42A3-9474-1A3956D46DE8}") = "basket", "basket", "{5991CCA7-7B8E-F5C0-A704-5C636E45E198}"
EndProject
Project("{FAE04EC0-301F-11D3-BF4B-00C04F79EFBC}") = "Basket.Core", "services\basket\Basket.Core\Basket.Core.csproj", "{7BC6F248-29F9-4586-B4EE-B9A5B202C293}"
EndProject
Project("{FAE04EC0-301F-11D3-BF4B-00C04F79EFBC}") = "Basket.API", "services\basket\Basket.API\Basket.API.csproj", "{90CEFD20-DE0C-4060-90A0-DADB8547DDA4}"
EndProject
Project("{FAE04EC0-301F-11D3-BF4B-00C04F79EFBC}") = "Basket.Application", "services\basket\Basket.Application\Basket.Application.csproj", "{C10174BC-519A-4D34-9B85-CD6BCA534094}"
EndProject
Project("{FAE04EC0-301F-11D3-BF4B-00C04F79EFBC}") = "Basket.Infrastructure", "services\basket\Basket.Infrastructure\Basket.Infrastructure.csproj", "{67E40B3B-429F-41B7-809A-D52F447C5D15}"
EndProject
Project("{2150E333-8FDC-42A3-9474-1A3956D46DE8}") = "discount", "discount", "{C7CAFBC0-809A-03AF-7F4A-D6ECDFC06026}"
EndProject
Project("{FAE04EC0-301F-11D3-BF4B-00C04F79EFBC}") = "Discount.API", "services\discount\Discount.API\Discount.API.csproj", "{7CF9165B-2390-4770-8131-48927DB75265}"
EndProject
Project("{FAE04EC0-301F-11D3-BF4B-00C04F79EFBC}") = "Discount.Core", "services\discount\Discount.Core\Discount.Core.csproj", "{93902BA9-6D25-4332-B080-73EA18702C17}"
EndProject
Project("{FAE04EC0-301F-11D3-BF4B-00C04F79EFBC}") = "Discount.Application", "services\discount\Discount.Application\Discount.Application.csproj", "{34975516-85E7-47D4-8954-D79DE4960641}"
EndProject
Project("{FAE04EC0-301F-11D3-BF4B-00C04F79EFBC}") = "Discount.Infrastructure", "services\discount\Discount.Infrastructure\Discount.Infrastructure.csproj", "{C2EEA8D5-12AF-4A5A-8E45-C2AE740A2D47}"
EndProject
Global
	GlobalSection(SolutionConfigurationPlatforms) = preSolution
		Debug|Any CPU = Debug|Any CPU
		Debug|x64 = Debug|x64
		Debug|x86 = Debug|x86
		Release|Any CPU = Release|Any CPU
		Release|x64 = Release|x64
		Release|x86 = Release|x86
	EndGlobalSection
	GlobalSection(ProjectConfigurationPlatforms) = postSolution
		{565080C9-62C8-4F91-A8A7-92D4030CD930}.Debug|Any CPU.ActiveCfg = Debug|Any CPU
		{565080C9-62C8-4F91-A8A7-92D4030CD930}.Debug|Any CPU.Build.0 = Debug|Any CPU
		{565080C9-62C8-4F91-A8A7-92D4030CD930}.Debug|x64.ActiveCfg = Debug|Any CPU
		{565080C9-62C8-4F91-A8A7-92D4030CD930}.Debug|x64.Build.0 = Debug|Any CPU
		{565080C9-62C8-4F91-A8A7-92D4030CD930}.Debug|x86.ActiveCfg = Debug|Any CPU
		{565080C9-62C8-4F91-A8A7-92D4030CD930}.Debug|x86.Build.0 = Debug|Any CPU
		{565080C9-62C8-4F91-A8A7-92D4030CD930}.Release|Any CPU.ActiveCfg = Release|Any CPU
		{565080C9-62C8-4F91-A8A7-92D4030CD930}.Release|Any CPU.Build.0 = Release|Any CPU
		{565080C9-62C8-4F91-A8A7-92D4030CD930}.Release|x64.ActiveCfg = Release|Any CPU
		{565080C9-62C8-4F91-A8A7-92D4030CD930}.Release|x64.Build.0 = Release|Any CPU
		{565080C9-62C8-4F91-A8A7-92D4030CD930}.Release|x86.ActiveCfg = Release|Any CPU
		{565080C9-62C8-4F91-A8A7-92D4030CD930}.Release|x86.Build.0 = Release|Any CPU
		{05FB6249-E91D-47AA-B38D-73EA52F6A3E1}.Debug|Any CPU.ActiveCfg = Debug|Any CPU
		{05FB6249-E91D-47AA-B38D-73EA52F6A3E1}.Debug|Any CPU.Build.0 = Debug|Any CPU
		{05FB6249-E91D-47AA-B38D-73EA52F6A3E1}.Debug|x64.ActiveCfg = Debug|Any CPU
		{05FB6249-E91D-47AA-B38D-73EA52F6A3E1}.Debug|x64.Build.0 = Debug|Any CPU
		{05FB6249-E91D-47AA-B38D-73EA52F6A3E1}.Debug|x86.ActiveCfg = Debug|Any CPU
		{05FB6249-E91D-47AA-B38D-73EA52F6A3E1}.Debug|x86.Build.0 = Debug|Any CPU
		{05FB6249-E91D-47AA-B38D-73EA52F6A3E1}.Release|Any CPU.ActiveCfg = Release|Any CPU
		{05FB6249-E91D-47AA-B38D-73EA52F6A3E1}.Release|Any CPU.Build.0 = Release|Any CPU
		{05FB6249-E91D-47AA-B38D-73EA52F6A3E1}.Release|x64.ActiveCfg = Release|Any CPU
		{05FB6249-E91D-47AA-B38D-73EA52F6A3E1}.Release|x64.Build.0 = Release|Any CPU
		{05FB6249-E91D-47AA-B38D-73EA52F6A3E1}.Release|x86.ActiveCfg = Release|Any CPU
		{05FB6249-E91D-47AA-B38D-73EA52F6A3E1}.Release|x86.Build.0 = Release|Any CPU
		{90E25F17-5278-4DDB-B660-49EACDE90D27}.Debug|Any CPU.ActiveCfg = Debug|Any CPU
		{90E25F17-5278-4DDB-B660-49EACDE90D27}.Debug|Any CPU.Build.0 = Debug|Any CPU
		{90E25F17-5278-4DDB-B660-49EACDE90D27}.Debug|x64.ActiveCfg = Debug|Any CPU
		{90E25F17-5278-4DDB-B660-49EACDE90D27}.Debug|x64.Build.0 = Debug|Any CPU
		{90E25F17-5278-4DDB-B660-49EACDE90D27}.Debug|x86.ActiveCfg = Debug|Any CPU
		{90E25F17-5278-4DDB-B660-49EACDE90D27}.Debug|x86.Build.0 = Debug|Any CPU
		{90E25F17-5278-4DDB-B660-49EACDE90D27}.Release|Any CPU.ActiveCfg = Release|Any CPU
		{90E25F17-5278-4DDB-B660-49EACDE90D27}.Release|Any CPU.Build.0 = Release|Any CPU
		{90E25F17-5278-4DDB-B660-49EACDE90D27}.Release|x64.ActiveCfg = Release|Any CPU
		{90E25F17-5278-4DDB-B660-49EACDE90D27}.Release|x64.Build.0 = Release|Any CPU
		{90E25F17-5278-4DDB-B660-49EACDE90D27}.Release|x86.ActiveCfg = Release|Any CPU
		{90E25F17-5278-4DDB-B660-49EACDE90D27}.Release|x86.Build.0 = Release|Any CPU
		{A6B28E9E-18D6-4DF9-9901-3446C964D8E1}.Debug|Any CPU.ActiveCfg = Debug|Any CPU
		{A6B28E9E-18D6-4DF9-9901-3446C964D8E1}.Debug|Any CPU.Build.0 = Debug|Any CPU
		{A6B28E9E-18D6-4DF9-9901-3446C964D8E1}.Debug|x64.ActiveCfg = Debug|Any CPU
		{A6B28E9E-18D6-4DF9-9901-3446C964D8E1}.Debug|x64.Build.0 = Debug|Any CPU
		{A6B28E9E-18D6-4DF9-9901-3446C964D8E1}.Debug|x86.ActiveCfg = Debug|Any CPU
		{A6B28E9E-18D6-4DF9-9901-3446C964D8E1}.Debug|x86.Build.0 = Debug|Any CPU
		{A6B28E9E-18D6-4DF9-9901-3446C964D8E1}.Release|Any CPU.ActiveCfg = Release|Any CPU
		{A6B28E9E-18D6-4DF9-9901-3446C964D8E1}.Release|Any CPU.Build.0 = Release|Any CPU
		{A6B28E9E-18D6-4DF9-9901-3446C964D8E1}.Release|x64.ActiveCfg = Release|Any CPU
		{A6B28E9E-18D6-4DF9-9901-3446C964D8E1}.Release|x64.Build.0 = Release|Any CPU
		{A6B28E9E-18D6-4DF9-9901-3446C964D8E1}.Release|x86.ActiveCfg = Release|Any CPU
		{A6B28E9E-18D6-4DF9-9901-3446C964D8E1}.Release|x86.Build.0 = Release|Any CPU
		{7BC6F248-29F9-4586-B4EE-B9A5B202C293}.Debug|Any CPU.ActiveCfg = Debug|Any CPU
		{7BC6F248-29F9-4586-B4EE-B9A5B202C293}.Debug|Any CPU.Build.0 = Debug|Any CPU
		{7BC6F248-29F9-4586-B4EE-B9A5B202C293}.Debug|x64.ActiveCfg = Debug|Any CPU
		{7BC6F248-29F9-4586-B4EE-B9A5B202C293}.Debug|x64.Build.0 = Debug|Any CPU
		{7BC6F248-29F9-4586-B4EE-B9A5B202C293}.Debug|x86.ActiveCfg = Debug|Any CPU
		{7BC6F248-29F9-4586-B4EE-B9A5B202C293}.Debug|x86.Build.0 = Debug|Any CPU
		{7BC6F248-29F9-4586-B4EE-B9A5B202C293}.Release|Any CPU.ActiveCfg = Release|Any CPU
		{7BC6F248-29F9-4586-B4EE-B9A5B202C293}.Release|Any CPU.Build.0 = Release|Any CPU
		{7BC6F248-29F9-4586-B4EE-B9A5B202C293}.Release|x64.ActiveCfg = Release|Any CPU
		{7BC6F248-29F9-4586-B4EE-B9A5B202C293}.Release|x64.Build.0 = Release|Any CPU
		{7BC6F248-29F9-4586-B4EE-B9A5B202C293}.Release|x86.ActiveCfg = Release|Any CPU
		{7BC6F248-29F9-4586-B4EE-B9A5B202C293}.Release|x86.Build.0 = Release|Any CPU
		{90CEFD20-DE0C-4060-90A0-DADB8547DDA4}.Debug|Any CPU.ActiveCfg = Debug|Any CPU
		{90CEFD20-DE0C-4060-90A0-DADB8547DDA4}.Debug|Any CPU.Build.0 = Debug|Any CPU
		{90CEFD20-DE0C-4060-90A0-DADB8547DDA4}.Debug|x64.ActiveCfg = Debug|Any CPU
		{90CEFD20-DE0C-4060-90A0-DADB8547DDA4}.Debug|x64.Build.0 = Debug|Any CPU
		{90CEFD20-DE0C-4060-90A0-DADB8547DDA4}.Debug|x86.ActiveCfg = Debug|Any CPU
		{90CEFD20-DE0C-4060-90A0-DADB8547DDA4}.Debug|x86.Build.0 = Debug|Any CPU
		{90CEFD20-DE0C-4060-90A0-DADB8547DDA4}.Release|Any CPU.ActiveCfg = Release|Any CPU
		{90CEFD20-DE0C-4060-90A0-DADB8547DDA4}.Release|Any CPU.Build.0 = Release|Any CPU
		{90CEFD20-DE0C-4060-90A0-DADB8547DDA4}.Release|x64.ActiveCfg = Release|Any CPU
		{90CEFD20-DE0C-4060-90A0-DADB8547DDA4}.Release|x64.Build.0 = Release|Any CPU
		{90CEFD20-DE0C-4060-90A0-DADB8547DDA4}.Release|x86.ActiveCfg = Release|Any CPU
		{90CEFD20-DE0C-4060-90A0-DADB8547DDA4}.Release|x86.Build.0 = Release|Any CPU
		{C10174BC-519A-4D34-9B85-CD6BCA534094}.Debug|Any CPU.ActiveCfg = Debug|Any CPU
		{C10174BC-519A-4D34-9B85-CD6BCA534094}.Debug|Any CPU.Build.0 = Debug|Any CPU
		{C10174BC-519A-4D34-9B85-CD6BCA534094}.Debug|x64.ActiveCfg = Debug|Any CPU
		{C10174BC-519A-4D34-9B85-CD6BCA534094}.Debug|x64.Build.0 = Debug|Any CPU
		{C10174BC-519A-4D34-9B85-CD6BCA534094}.Debug|x86.ActiveCfg = Debug|Any CPU
		{C10174BC-519A-4D34-9B85-CD6BCA534094}.Debug|x86.Build.0 = Debug|Any CPU
		{C10174BC-519A-4D34-9B85-CD6BCA534094}.Release|Any CPU.ActiveCfg = Release|Any CPU
		{C10174BC-519A-4D34-9B85-CD6BCA534094}.Release|Any CPU.Build.0 = Release|Any CPU
		{C10174BC-519A-4D34-9B85-CD6BCA534094}.Release|x64.ActiveCfg = Release|Any CPU
		{C10174BC-519A-4D34-9B85-CD6BCA534094}.Release|x64.Build.0 = Release|Any CPU
		{C10174BC-519A-4D34-9B85-CD6BCA534094}.Release|x86.ActiveCfg = Release|Any CPU
		{C10174BC-519A-4D34-9B85-CD6BCA534094}.Release|x86.Build.0 = Release|Any CPU
		{67E40B3B-429F-41B7-809A-D52F447C5D15}.Debug|Any CPU.ActiveCfg = Debug|Any CPU
		{67E40B3B-429F-41B7-809A-D52F447C5D15}.Debug|Any CPU.Build.0 = Debug|Any CPU
		{67E40B3B-429F-41B7-809A-D52F447C5D15}.Debug|x64.ActiveCfg = Debug|Any CPU
		{67E40B3B-429F-41B7-809A-D52F447C5D15}.Debug|x64.Build.0 = Debug|Any CPU
		{67E40B3B-429F-41B7-809A-D52F447C5D15}.Debug|x86.ActiveCfg = Debug|Any CPU
		{67E40B3B-429F-41B7-809A-D52F447C5D15}.Debug|x86.Build.0 = Debug|Any CPU
		{67E40B3B-429F-41B7-809A-D52F447C5D15}.Release|Any CPU.ActiveCfg = Release|Any CPU
		{67E40B3B-429F-41B7-809A-D52F447C5D15}.Release|Any CPU.Build.0 = Release|Any CPU
		{67E40B3B-429F-41B7-809A-D52F447C5D15}.Release|x64.ActiveCfg = Release|Any CPU
		{67E40B3B-429F-41B7-809A-D52F447C5D15}.Release|x64.Build.0 = Release|Any CPU
		{67E40B3B-429F-41B7-809A-D52F447C5D15}.Release|x86.ActiveCfg = Release|Any CPU
		{67E40B3B-429F-41B7-809A-D52F447C5D15}.Release|x86.Build.0 = Release|Any CPU
		{7CF9165B-2390-4770-8131-48927DB75265}.Debug|Any CPU.ActiveCfg = Debug|Any CPU
		{7CF9165B-2390-4770-8131-48927DB75265}.Debug|Any CPU.Build.0 = Debug|Any CPU
		{7CF9165B-2390-4770-8131-48927DB75265}.Debug|x64.ActiveCfg = Debug|Any CPU
		{7CF9165B-2390-4770-8131-48927DB75265}.Debug|x64.Build.0 = Debug|Any CPU
		{7CF9165B-2390-4770-8131-48927DB75265}.Debug|x86.ActiveCfg = Debug|Any CPU
		{7CF9165B-2390-4770-8131-48927DB75265}.Debug|x86.Build.0 = Debug|Any CPU
		{7CF9165B-2390-4770-8131-48927DB75265}.Release|Any CPU.ActiveCfg = Release|Any CPU
		{7CF9165B-2390-4770-8131-48927DB75265}.Release|Any CPU.Build.0 = Release|Any CPU
		{7CF9165B-2390-4770-8131-48927DB75265}.Release|x64.ActiveCfg = Release|Any CPU
		{7CF9165B-2390-4770-8131-48927DB75265}.Release|x64.Build.0 = Release|Any CPU
		{7CF9165B-2390-4770-8131-48927DB75265}.Release|x86.ActiveCfg = Release|Any CPU
		{7CF9165B-2390-4770-8131-48927DB75265}.Release|x86.Build.0 = Release|Any CPU
		{93902BA9-6D25-4332-B080-73EA18702C17}.Debug|Any CPU.ActiveCfg = Debug|Any CPU
		{93902BA9-6D25-4332-B080-73EA18702C17}.Debug|Any CPU.Build.0 = Debug|Any CPU
		{93902BA9-6D25-4332-B080-73EA18702C17}.Debug|x64.ActiveCfg = Debug|Any CPU
		{93902BA9-6D25-4332-B080-73EA18702C17}.Debug|x64.Build.0 = Debug|Any CPU
		{93902BA9-6D25-4332-B080-73EA18702C17}.Debug|x86.ActiveCfg = Debug|Any CPU
		{93902BA9-6D25-4332-B080-73EA18702C17}.Debug|x86.Build.0 = Debug|Any CPU
		{93902BA9-6D25-4332-B080-73EA18702C17}.Release|Any CPU.ActiveCfg = Release|Any CPU
		{93902BA9-6D25-4332-B080-73EA18702C17}.Release|Any CPU.Build.0 = Release|Any CPU
		{93902BA9-6D25-4332-B080-73EA18702C17}.Release|x64.ActiveCfg = Release|Any CPU
		{93902BA9-6D25-4332-B080-73EA18702C17}.Release|x64.Build.0 = Release|Any CPU
		{93902BA9-6D25-4332-B080-73EA18702C17}.Release|x86.ActiveCfg = Release|Any CPU
		{93902BA9-6D25-4332-B080-73EA18702C17}.Release|x86.Build.0 = Release|Any CPU
		{34975516-85E7-47D4-8954-D79DE4960641}.Debug|Any CPU.ActiveCfg = Debug|Any CPU
		{34975516-85E7-47D4-8954-D79DE4960641}.Debug|Any CPU.Build.0 = Debug|Any CPU
		{34975516-85E7-47D4-8954-D79DE4960641}.Debug|x64.ActiveCfg = Debug|Any CPU
		{34975516-85E7-47D4-8954-D79DE4960641}.Debug|x64.Build.0 = Debug|Any CPU
		{34975516-85E7-47D4-8954-D79DE4960641}.Debug|x86.ActiveCfg = Debug|Any CPU
		{34975516-85E7-47D4-8954-D79DE4960641}.Debug|x86.Build.0 = Debug|Any CPU
		{34975516-85E7-47D4-8954-D79DE4960641}.Release|Any CPU.ActiveCfg = Release|Any CPU
		{34975516-85E7-47D4-8954-D79DE4960641}.Release|Any CPU.Build.0 = Release|Any CPU
		{34975516-85E7-47D4-8954-D79DE4960641}.Release|x64.ActiveCfg = Release|Any CPU
		{34975516-85E7-47D4-8954-D79DE4960641}.Release|x64.Build.0 = Release|Any CPU
		{34975516-85E7-47D4-8954-D79DE4960641}.Release|x86.ActiveCfg = Release|Any CPU
		{34975516-85E7-47D4-8954-D79DE4960641}.Release|x86.Build.0 = Release|Any CPU
		{C2EEA8D5-12AF-4A5A-8E45-C2AE740A2D47}.Debug|Any CPU.ActiveCfg = Debug|Any CPU
		{C2EEA8D5-12AF-4A5A-8E45-C2AE740A2D47}.Debug|Any CPU.Build.0 = Debug|Any CPU
		{C2EEA8D5-12AF-4A5A-8E45-C2AE740A2D47}.Debug|x64.ActiveCfg = Debug|Any CPU
		{C2EEA8D5-12AF-4A5A-8E45-C2AE740A2D47}.Debug|x64.Build.0 = Debug|Any CPU
		{C2EEA8D5-12AF-4A5A-8E45-C2AE740A2D47}.Debug|x86.ActiveCfg = Debug|Any CPU
		{C2EEA8D5-12AF-4A5A-8E45-C2AE740A2D47}.Debug|x86.Build.0 = Debug|Any CPU
		{C2EEA8D5-12AF-4A5A-8E45-C2AE740A2D47}.Release|Any CPU.ActiveCfg = Release|Any CPU
		{C2EEA8D5-12AF-4A5A-8E45-C2AE740A2D47}.Release|Any CPU.Build.0 = Release|Any CPU
		{C2EEA8D5-12AF-4A5A-8E45-C2AE740A2D47}.Release|x64.ActiveCfg = Release|Any CPU
		{C2EEA8D5-12AF-4A5A-8E45-C2AE740A2D47}.Release|x64.Build.0 = Release|Any CPU
		{C2EEA8D5-12AF-4A5A-8E45-C2AE740A2D47}.Release|x86.ActiveCfg = Release|Any CPU
		{C2EEA8D5-12AF-4A5A-8E45-C2AE740A2D47}.Release|x86.Build.0 = Release|Any CPU
	EndGlobalSection
	GlobalSection(SolutionProperties) = preSolution
		HideSolutionNode = FALSE
	EndGlobalSection
	GlobalSection(NestedProjects) = preSolution
		{944ACC7E-4FFC-A2A2-09E1-98A62C66F8DB} = {5854FF58-B8C5-05C6-5BF2-ACE42193F22B}
		{565080C9-62C8-4F91-A8A7-92D4030CD930} = {944ACC7E-4FFC-A2A2-09E1-98A62C66F8DB}
		{05FB6249-E91D-47AA-B38D-73EA52F6A3E1} = {944ACC7E-4FFC-A2A2-09E1-98A62C66F8DB}
		{90E25F17-5278-4DDB-B660-49EACDE90D27} = {944ACC7E-4FFC-A2A2-09E1-98A62C66F8DB}
		{A6B28E9E-18D6-4DF9-9901-3446C964D8E1} = {944ACC7E-4FFC-A2A2-09E1-98A62C66F8DB}
		{5991CCA7-7B8E-F5C0-A704-5C636E45E198} = {5854FF58-B8C5-05C6-5BF2-ACE42193F22B}
		{7BC6F248-29F9-4586-B4EE-B9A5B202C293} = {5991CCA7-7B8E-F5C0-A704-5C636E45E198}
		{90CEFD20-DE0C-4060-90A0-DADB8547DDA4} = {5991CCA7-7B8E-F5C0-A704-5C636E45E198}
		{C10174BC-519A-4D34-9B85-CD6BCA534094} = {5991CCA7-7B8E-F5C0-A704-5C636E45E198}
		{67E40B3B-429F-41B7-809A-D52F447C5D15} = {5991CCA7-7B8E-F5C0-A704-5C636E45E198}
		{C7CAFBC0-809A-03AF-7F4A-D6ECDFC06026} = {5854FF58-B8C5-05C6-5BF2-ACE42193F22B}
		{7CF9165B-2390-4770-8131-48927DB75265} = {C7CAFBC0-809A-03AF-7F4A-D6ECDFC06026}
		{93902BA9-6D25-4332-B080-73EA18702C17} = {C7CAFBC0-809A-03AF-7F4A-D6ECDFC06026}
		{34975516-85E7-47D4-8954-D79DE4960641} = {C7CAFBC0-809A-03AF-7F4A-D6ECDFC06026}
		{C2EEA8D5-12AF-4A5A-8E45-C2AE740A2D47} = {C7CAFBC0-809A-03AF-7F4A-D6ECDFC06026}
	EndGlobalSection
EndGlobal
